
Microsoft Visual Studio Solution File, Format Version 12.00
# Visual Studio Version 17
VisualStudioVersion = 17.4.33213.308
MinimumVisualStudioVersion = 10.0.40219.1
Project("{FAE04EC0-301F-11D3-BF4B-00C04F79EFBC}") = "myParams", "myParams\myParams.csproj", "{2C5C63C4-C142-4135-A580-036D911BC74C}"
EndProject
Global
	GlobalSection(SolutionConfigurationPlatforms) = preSolution
		Debug|Any CPU = Debug|Any CPU
		Release|Any CPU = Release|Any CPU
	EndGlobalSection
	GlobalSection(ProjectConfigurationPlatforms) = postSolution
		{2C5C63C4-C142-4135-A580-036D911BC74C}.Debug|Any CPU.ActiveCfg = Debug|Any CPU
		{2C5C63C4-C142-4135-A580-036D911BC74C}.Debug|Any CPU.Build.0 = Debug|Any CPU
		{2C5C63C4-C142-4135-A580-036D911BC74C}.Release|Any CPU.ActiveCfg = Release|Any CPU
		{2C5C63C4-C142-4135-A580-036D911BC74C}.Release|Any CPU.Build.0 = Release|Any CPU
	EndGlobalSection
	GlobalSection(SolutionProperties) = preSolution
		HideSolutionNode = FALSE
	EndGlobalSection
	GlobalSection(ExtensibilityGlobals) = postSolution
		SolutionGuid = {799610AC-A74F-4D28-9DF9-38E529D3711F}
	EndGlobalSection
EndGlobal
